<?xml version="1.0" encoding="utf-8"?>
<Project ToolsVersion="4.0" xmlns="http://schemas.microsoft.com/developer/msbuild/2003">
  <ItemGroup>
    <Filter Include="Source Files">
      <UniqueIdentifier>{4FC737F1-C7A5-4376-A066-2A32D752A2FF}</UniqueIdentifier>
      <Extensions>cpp;c;cc;cxx;def;odl;idl;hpj;bat;asm;asmx</Extensions>
    </Filter>
    <Filter Include="Header Files">
      <UniqueIdentifier>{93995380-89BD-4b04-88EB-625FBE52EBFB}</UniqueIdentifier>
      <Extensions>h;hh;hpp;hxx;hm;inl;inc;xsd</Extensions>
    </Filter>
    <Filter Include="Resource Files">
      <UniqueIdentifier>{67DA6AB6-F800-4c08-8B7A-83BB121AAD01}</UniqueIdentifier>
      <Extensions>rc;ico;cur;bmp;dlg;rc2;rct;bin;rgs;gif;jpg;jpeg;jpe;resx;tiff;tif;png;wav;mfcribbon-ms</Extensions>
    </Filter>
  </ItemGroup>
  <ItemGroup>
    <ClCompile Include="main.cpp">
      <Filter>Source Files</Filter>
    </ClCompile>
    <ClCompile Include="loadingscreen.cpp">
      <Filter>Source Files</Filter>
    </ClCompile>
    <ClCompile Include="starfield.cpp">
      <Filter>Source Files</Filter>
    </ClCompile>
    <ClCompile Include="overlay.cpp">
      <Filter>Source Files</Filter>
    </ClCompile>
    <ClCompile Include="tunnel.cpp">
      <Filter>Source Files</Filter>
    </ClCompile>
    <ClCompile Include="linemorph.cpp">
      <Filter>Source Files</Filter>
    </ClCompile>
    <ClCompile Include="bumpmapmodel.cpp">
      <Filter>Source Files</Filter>
    </ClCompile>
    <ClCompile Include="GLModel.cpp">
      <Filter>Source Files</Filter>
    </ClCompile>
    <ClCompile Include="GLTexture.cpp">
      <Filter>Source Files</Filter>
    </ClCompile>
    <ClCompile Include="GLTimer.cpp">
      <Filter>Source Files</Filter>
    </ClCompile>
    <ClCompile Include="GLWindow.cpp">
      <Filter>Source Files</Filter>
    </ClCompile>
    <ClCompile Include="GLWrapperMisc.cpp">
      <Filter>Source Files</Filter>
    </ClCompile>
    <ClCompile Include="background.cpp">
      <Filter>Source Files</Filter>
    </ClCompile>
    <ClCompile Include="basswrap.cpp">
      <Filter>Source Files</Filter>
    </ClCompile>
    <ClCompile Include="text.cpp">
      <Filter>Source Files</Filter>
    </ClCompile>
    <ClCompile Include="RenderTarget.cpp">
      <Filter>Source Files</Filter>
    </ClCompile>
    <ClCompile Include="vectorslime.cpp">
      <Filter>Source Files</Filter>
    </ClCompile>
    <ClCompile Include="bloom.cpp">
      <Filter>Source Files</Filter>
    </ClCompile>
    <ClCompile Include="vumeter.cpp">
      <Filter>Source Files</Filter>
    </ClCompile>
    <ClCompile Include="glfont.cpp">
      <Filter>Source Files</Filter>
    </ClCompile>
  </ItemGroup>
  <ItemGroup>
    <ClInclude Include="includes\glfont.h">
      <Filter>Header Files</Filter>
    </ClInclude>
    <ClInclude Include="includes\bass.h">
      <Filter>Header Files</Filter>
    </ClInclude>
    <ClInclude Include="includes\basswrap.h">
      <Filter>Header Files</Filter>
    </ClInclude>
    <ClInclude Include="includes\constants.h">
      <Filter>Header Files</Filter>
    </ClInclude>
    <ClInclude Include="includes\glaux.h">
      <Filter>Header Files</Filter>
    </ClInclude>
    <ClInclude Include="includes\GLWrapper.h">
      <Filter>Header Files</Filter>
    </ClInclude>
    <ClInclude Include="includes\main.h">
      <Filter>Header Files</Filter>
    </ClInclude>
    <ClInclude Include="includes\loadingscreen.h">
      <Filter>Header Files</Filter>
    </ClInclude>
    <ClInclude Include="includes\linemorph.h">
      <Filter>Header Files</Filter>
    </ClInclude>
    <ClInclude Include="includes\overlay.h">
      <Filter>Header Files</Filter>
    </ClInclude>
    <ClInclude Include="includes\starfield.h">
      <Filter>Header Files</Filter>
    </ClInclude>
    <ClInclude Include="includes\tunnel.h">
      <Filter>Header Files</Filter>
    </ClInclude>
    <ClInclude Include="includes\vumeter.h">
      <Filter>Header Files</Filter>
    </ClInclude>
    <ClInclude Include="includes\bumpmapmodel.h">
      <Filter>Header Files</Filter>
    </ClInclude>
    <ClInclude Include="includes\background.h">
      <Filter>Header Files</Filter>
    </ClInclude>
  </ItemGroup>
</Project>